// !$*UTF8*$!
{
	archiveVersion = 1;
	classes = {
	};
	objectVersion = 77;
	objects = {

/* Begin PBXBuildFile section */
		BBD09B5B2EA800C100E355CF /* Models.swift in Sources */ = {isa = PBXBuildFile; fileRef = BBD09B5A2EA800C100E355CF /* Models.swift */; };
		BBD09B5D2EA800C900E355CF /* HabitStore.swift in Sources */ = {isa = PBXBuildFile; fileRef = BBD09B5C2EA800C900E355CF /* HabitStore.swift */; };
		BBD09B5F2EA800CF00E355CF /* NewHabitViewController.swift in Sources */ = {isa = PBXBuildFile; fileRef = BBD09B5E2EA800CF00E355CF /* NewHabitViewController.swift */; };
		BBD09B612EA800D800E355CF /* CheckInViewController.swift in Sources */ = {isa = PBXBuildFile; fileRef = BBD09B602EA800D800E355CF /* CheckInViewController.swift */; };
		BBD09B632EA8022D00E355CF /* DashboardHabitCell.swift in Sources */ = {isa = PBXBuildFile; fileRef = BBD09B622EA8022D00E355CF /* DashboardHabitCell.swift */; };
		BBD09B652EA8026100E355CF /* DashboardHeaderView.swift in Sources */ = {isa = PBXBuildFile; fileRef = BBD09B642EA8026100E355CF /* DashboardHeaderView.swift */; };
		BBD09B6B2EA8050B00E355CF /* Theme.swift in Sources */ = {isa = PBXBuildFile; fileRef = BBD09B6A2EA8050B00E355CF /* Theme.swift */; };
		BBD09B6D2EA8072500E355CF /* ShopViewController.swift in Sources */ = {isa = PBXBuildFile; fileRef = BBD09B6C2EA8072500E355CF /* ShopViewController.swift */; };
		BBD09B6F2EA80A5A00E355CF /* ShopItemCell.swift in Sources */ = {isa = PBXBuildFile; fileRef = BBD09B6E2EA80A5A00E355CF /* ShopItemCell.swift */; };
		BBD09B712EA80A6500E355CF /* ShopHeaderView.swift in Sources */ = {isa = PBXBuildFile; fileRef = BBD09B702EA80A6500E355CF /* ShopHeaderView.swift */; };
		FDCC3C652EC2EAE400E9CEBB /* GoogleService-Info.plist in Resources */ = {isa = PBXBuildFile; fileRef = FDCC3C642EC2EAE400E9CEBB /* GoogleService-Info.plist */; };
		FDCC3C6B2EC2EC7400E9CEBB /* FirebaseAuth in Frameworks */ = {isa = PBXBuildFile; productRef = FDCC3C6A2EC2EC7400E9CEBB /* FirebaseAuth */; };
		FDCC3C6D2EC2EC7400E9CEBB /* FirebaseCore in Frameworks */ = {isa = PBXBuildFile; productRef = FDCC3C6C2EC2EC7400E9CEBB /* FirebaseCore */; };
		FDCC3C6F2EC2EC7400E9CEBB /* FirebaseFirestore in Frameworks */ = {isa = PBXBuildFile; productRef = FDCC3C6E2EC2EC7400E9CEBB /* FirebaseFirestore */; };
/* End PBXBuildFile section */

/* Begin PBXFileReference section */
		55D74DD92EC43BBE00D1CEC9 /* Eternal-CS329E-Group-Project.xcodeproj */ = {isa = PBXFileReference; lastKnownFileType = "wrapper.pb-project"; path = "Eternal-CS329E-Group-Project.xcodeproj"; sourceTree = "<group>"; };
		72AB32B42EA6A62600E84ED4 /* Eternal-CS329E-Group-Project.app */ = {isa = PBXFileReference; explicitFileType = wrapper.application; includeInIndex = 0; path = "Eternal-CS329E-Group-Project.app"; sourceTree = BUILT_PRODUCTS_DIR; };
		BBD09B5A2EA800C100E355CF /* Models.swift */ = {isa = PBXFileReference; lastKnownFileType = sourcecode.swift; path = Models.swift; sourceTree = "<group>"; };
		BBD09B5C2EA800C900E355CF /* HabitStore.swift */ = {isa = PBXFileReference; lastKnownFileType = sourcecode.swift; path = HabitStore.swift; sourceTree = "<group>"; };
		BBD09B5E2EA800CF00E355CF /* NewHabitViewController.swift */ = {isa = PBXFileReference; lastKnownFileType = sourcecode.swift; path = NewHabitViewController.swift; sourceTree = "<group>"; };
		BBD09B602EA800D800E355CF /* CheckInViewController.swift */ = {isa = PBXFileReference; lastKnownFileType = sourcecode.swift; path = CheckInViewController.swift; sourceTree = "<group>"; };
		BBD09B622EA8022D00E355CF /* DashboardHabitCell.swift */ = {isa = PBXFileReference; lastKnownFileType = sourcecode.swift; path = DashboardHabitCell.swift; sourceTree = "<group>"; };
		BBD09B642EA8026100E355CF /* DashboardHeaderView.swift */ = {isa = PBXFileReference; lastKnownFileType = sourcecode.swift; path = DashboardHeaderView.swift; sourceTree = "<group>"; };
		BBD09B6A2EA8050B00E355CF /* Theme.swift */ = {isa = PBXFileReference; lastKnownFileType = sourcecode.swift; path = Theme.swift; sourceTree = "<group>"; };
		BBD09B6C2EA8072500E355CF /* ShopViewController.swift */ = {isa = PBXFileReference; lastKnownFileType = sourcecode.swift; path = ShopViewController.swift; sourceTree = "<group>"; };
		BBD09B6E2EA80A5A00E355CF /* ShopItemCell.swift */ = {isa = PBXFileReference; lastKnownFileType = sourcecode.swift; path = ShopItemCell.swift; sourceTree = "<group>"; };
		BBD09B702EA80A6500E355CF /* ShopHeaderView.swift */ = {isa = PBXFileReference; lastKnownFileType = sourcecode.swift; path = ShopHeaderView.swift; sourceTree = "<group>"; };
		FD2D2CFD2EC2C7A300C1C0A3 /* Eternal-CS329E-Group-Project.xcodeproj */ = {isa = PBXFileReference; lastKnownFileType = "wrapper.pb-project"; path = "Eternal-CS329E-Group-Project.xcodeproj"; sourceTree = "<group>"; };
		FDCC3C492EC2E7FA00E9CEBB /* Eternal-CS329E-Group-Project.xcodeproj */ = {isa = PBXFileReference; lastKnownFileType = "wrapper.pb-project"; path = "Eternal-CS329E-Group-Project.xcodeproj"; sourceTree = "<group>"; };
		FDCC3C642EC2EAE400E9CEBB /* GoogleService-Info.plist */ = {isa = PBXFileReference; lastKnownFileType = text.plist.xml; path = "GoogleService-Info.plist"; sourceTree = "<group>"; };
/* End PBXFileReference section */

/* Begin PBXFileSystemSynchronizedBuildFileExceptionSet section */
		72AB32C62EA6A62900E84ED4 /* Exceptions for "Eternal-CS329E-Group-Project" folder in "Eternal-CS329E-Group-Project" target */ = {
			isa = PBXFileSystemSynchronizedBuildFileExceptionSet;
			membershipExceptions = (
				Info.plist,
			);
			target = 72AB32B32EA6A62600E84ED4 /* Eternal-CS329E-Group-Project */;
		};
/* End PBXFileSystemSynchronizedBuildFileExceptionSet section */

/* Begin PBXFileSystemSynchronizedRootGroup section */
		72AB32B62EA6A62600E84ED4 /* Eternal-CS329E-Group-Project */ = {
			isa = PBXFileSystemSynchronizedRootGroup;
			exceptions = (
				72AB32C62EA6A62900E84ED4 /* Exceptions for "Eternal-CS329E-Group-Project" folder in "Eternal-CS329E-Group-Project" target */,
			);
			path = "Eternal-CS329E-Group-Project";
			sourceTree = "<group>";
		};
/* End PBXFileSystemSynchronizedRootGroup section */

/* Begin PBXFrameworksBuildPhase section */
		72AB32B12EA6A62600E84ED4 /* Frameworks */ = {
			isa = PBXFrameworksBuildPhase;
			buildActionMask = 2147483647;
			files = (
				FDCC3C6D2EC2EC7400E9CEBB /* FirebaseCore in Frameworks */,
				FDCC3C6B2EC2EC7400E9CEBB /* FirebaseAuth in Frameworks */,
				FDCC3C6F2EC2EC7400E9CEBB /* FirebaseFirestore in Frameworks */,
			);
			runOnlyForDeploymentPostprocessing = 0;
		};
/* End PBXFrameworksBuildPhase section */

/* Begin PBXGroup section */
		55D74DE02EC43BBE00D1CEC9 /* Products */ = {
			isa = PBXGroup;
			children = (
			);
			name = Products;
			sourceTree = "<group>";
		};
		72AB32AB2EA6A62600E84ED4 = {
			isa = PBXGroup;
			children = (
				72AB32B62EA6A62600E84ED4 /* Eternal-CS329E-Group-Project */,
				72AB32B52EA6A62600E84ED4 /* Products */,
				BBD09B5A2EA800C100E355CF /* Models.swift */,
				BBD09B5C2EA800C900E355CF /* HabitStore.swift */,
				BBD09B5E2EA800CF00E355CF /* NewHabitViewController.swift */,
				BBD09B602EA800D800E355CF /* CheckInViewController.swift */,
				BBD09B622EA8022D00E355CF /* DashboardHabitCell.swift */,
				BBD09B642EA8026100E355CF /* DashboardHeaderView.swift */,
				BBD09B6A2EA8050B00E355CF /* Theme.swift */,
				BBD09B6C2EA8072500E355CF /* ShopViewController.swift */,
				BBD09B6E2EA80A5A00E355CF /* ShopItemCell.swift */,
				BBD09B702EA80A6500E355CF /* ShopHeaderView.swift */,
				FDCC3C642EC2EAE400E9CEBB /* GoogleService-Info.plist */,
			);
			sourceTree = "<group>";
		};
		72AB32B52EA6A62600E84ED4 /* Products */ = {
			isa = PBXGroup;
			children = (
				72AB32B42EA6A62600E84ED4 /* Eternal-CS329E-Group-Project.app */,
			);
			name = Products;
			sourceTree = "<group>";
		};
		FD2D2D042EC2C7A300C1C0A3 /* Products */ = {
			isa = PBXGroup;
			children = (
			);
			name = Products;
			sourceTree = "<group>";
		};
		FDCC3C502EC2E7FA00E9CEBB /* Products */ = {
			isa = PBXGroup;
			children = (
			);
			name = Products;
			sourceTree = "<group>";
		};
/* End PBXGroup section */

/* Begin PBXNativeTarget section */
		72AB32B32EA6A62600E84ED4 /* Eternal-CS329E-Group-Project */ = {
			isa = PBXNativeTarget;
			buildConfigurationList = 72AB32C72EA6A62900E84ED4 /* Build configuration list for PBXNativeTarget "Eternal-CS329E-Group-Project" */;
			buildPhases = (
				72AB32B02EA6A62600E84ED4 /* Sources */,
				72AB32B12EA6A62600E84ED4 /* Frameworks */,
				72AB32B22EA6A62600E84ED4 /* Resources */,
			);
			buildRules = (
			);
			dependencies = (
			);
			fileSystemSynchronizedGroups = (
				72AB32B62EA6A62600E84ED4 /* Eternal-CS329E-Group-Project */,
			);
			name = "Eternal-CS329E-Group-Project";
			packageProductDependencies = (
				FDCC3C6A2EC2EC7400E9CEBB /* FirebaseAuth */,
				FDCC3C6C2EC2EC7400E9CEBB /* FirebaseCore */,
				FDCC3C6E2EC2EC7400E9CEBB /* FirebaseFirestore */,
			);
			productName = "Eternal-CS329E-Group-Project";
			productReference = 72AB32B42EA6A62600E84ED4 /* Eternal-CS329E-Group-Project.app */;
			productType = "com.apple.product-type.application";
		};
/* End PBXNativeTarget section */

/* Begin PBXProject section */
		72AB32AC2EA6A62600E84ED4 /* Project object */ = {
			isa = PBXProject;
			attributes = {
				BuildIndependentTargetsInParallel = 1;
				LastSwiftUpdateCheck = 1640;
				LastUpgradeCheck = 1640;
				TargetAttributes = {
					72AB32B32EA6A62600E84ED4 = {
						CreatedOnToolsVersion = 16.4;
					};
				};
			};
			buildConfigurationList = 72AB32AF2EA6A62600E84ED4 /* Build configuration list for PBXProject "Eternal-CS329E-Group-Project" */;
			developmentRegion = en;
			hasScannedForEncodings = 0;
			knownRegions = (
				en,
				Base,
			);
			mainGroup = 72AB32AB2EA6A62600E84ED4;
			minimizedProjectReferenceProxies = 1;
			packageReferences = (
				FDCC3C692EC2EC7400E9CEBB /* XCRemoteSwiftPackageReference "firebase-ios-sdk" */,
			);
			preferredProjectObjectVersion = 77;
			productRefGroup = 72AB32B52EA6A62600E84ED4 /* Products */;
			projectDirPath = "";
			projectReferences = (
				{
					ProductGroup = 55D74DE02EC43BBE00D1CEC9 /* Products */;
					ProjectRef = 55D74DD92EC43BBE00D1CEC9 /* Eternal-CS329E-Group-Project.xcodeproj */;
				},
				{
					ProductGroup = FDCC3C502EC2E7FA00E9CEBB /* Products */;
					ProjectRef = FDCC3C492EC2E7FA00E9CEBB /* Eternal-CS329E-Group-Project.xcodeproj */;
				},
				{
					ProductGroup = FD2D2D042EC2C7A300C1C0A3 /* Products */;
					ProjectRef = FD2D2CFD2EC2C7A300C1C0A3 /* Eternal-CS329E-Group-Project.xcodeproj */;
				},
			);
			projectRoot = "";
			targets = (
				72AB32B32EA6A62600E84ED4 /* Eternal-CS329E-Group-Project */,
			);
		};
/* End PBXProject section */

/* Begin PBXResourcesBuildPhase section */
		72AB32B22EA6A62600E84ED4 /* Resources */ = {
			isa = PBXResourcesBuildPhase;
			buildActionMask = 2147483647;
			files = (
				FDCC3C652EC2EAE400E9CEBB /* GoogleService-Info.plist in Resources */,
			);
			runOnlyForDeploymentPostprocessing = 0;
		};
/* End PBXResourcesBuildPhase section */

/* Begin PBXSourcesBuildPhase section */
		72AB32B02EA6A62600E84ED4 /* Sources */ = {
			isa = PBXSourcesBuildPhase;
			buildActionMask = 2147483647;
			files = (
				BBD09B652EA8026100E355CF /* DashboardHeaderView.swift in Sources */,
				BBD09B5B2EA800C100E355CF /* Models.swift in Sources */,
				BBD09B5D2EA800C900E355CF /* HabitStore.swift in Sources */,
				BBD09B612EA800D800E355CF /* CheckInViewController.swift in Sources */,
				BBD09B6F2EA80A5A00E355CF /* ShopItemCell.swift in Sources */,
				BBD09B6D2EA8072500E355CF /* ShopViewController.swift in Sources */,
				BBD09B5F2EA800CF00E355CF /* NewHabitViewController.swift in Sources */,
				BBD09B6B2EA8050B00E355CF /* Theme.swift in Sources */,
				BBD09B632EA8022D00E355CF /* DashboardHabitCell.swift in Sources */,
				BBD09B712EA80A6500E355CF /* ShopHeaderView.swift in Sources */,
			);
			runOnlyForDeploymentPostprocessing = 0;
		};
/* End PBXSourcesBuildPhase section */

/* Begin XCBuildConfiguration section */
		72AB32C82EA6A62900E84ED4 /* Debug */ = {
			isa = XCBuildConfiguration;
			buildSettings = {
				ASSETCATALOG_COMPILER_APPICON_NAME = AppIcon;
				ASSETCATALOG_COMPILER_GLOBAL_ACCENT_COLOR_NAME = accentColor;
				CODE_SIGN_STYLE = Automatic;
				CURRENT_PROJECT_VERSION = 1;
				DEVELOPMENT_TEAM = 758MS3RTPS;
				GENERATE_INFOPLIST_FILE = YES;
				INFOPLIST_FILE = "Eternal-CS329E-Group-Project/Info.plist";
				INFOPLIST_KEY_UIApplicationSupportsIndirectInputEvents = YES;
				INFOPLIST_KEY_UILaunchStoryboardName = LaunchScreen;
				INFOPLIST_KEY_UIMainStoryboardFile = Main;
				INFOPLIST_KEY_UISupportedInterfaceOrientations_iPad = "UIInterfaceOrientationPortrait UIInterfaceOrientationPortraitUpsideDown UIInterfaceOrientationLandscapeLeft UIInterfaceOrientationLandscapeRight";
				INFOPLIST_KEY_UISupportedInterfaceOrientations_iPhone = "UIInterfaceOrientationPortrait UIInterfaceOrientationLandscapeLeft UIInterfaceOrientationLandscapeRight";
				LD_RUNPATH_SEARCH_PATHS = (
					"$(inherited)",
					"@executable_path/Frameworks",
				);
				MARKETING_VERSION = 1.0;
				PRODUCT_BUNDLE_IDENTIFIER = "utcs.Eternal-CS329E-Group-Project";
				PRODUCT_NAME = "$(TARGET_NAME)";
				SWIFT_EMIT_LOC_STRINGS = YES;
				SWIFT_VERSION = 5.0;
				TARGETED_DEVICE_FAMILY = "1,2";
			};
			name = Debug;
		};
		72AB32C92EA6A62900E84ED4 /* Release */ = {
			isa = XCBuildConfiguration;
			buildSettings = {
				ASSETCATALOG_COMPILER_APPICON_NAME = AppIcon;
				ASSETCATALOG_COMPILER_GLOBAL_ACCENT_COLOR_NAME = accentColor;
				CODE_SIGN_STYLE = Automatic;
				CURRENT_PROJECT_VERSION = 1;
				DEVELOPMENT_TEAM = 758MS3RTPS;
				GENERATE_INFOPLIST_FILE = YES;
				INFOPLIST_FILE = "Eternal-CS329E-Group-Project/Info.plist";
				INFOPLIST_KEY_UIApplicationSupportsIndirectInputEvents = YES;
				INFOPLIST_KEY_UILaunchStoryboardName = LaunchScreen;
				INFOPLIST_KEY_UIMainStoryboardFile = Main;
				INFOPLIST_KEY_UISupportedInterfaceOrientations_iPad = "UIInterfaceOrientationPortrait UIInterfaceOrientationPortraitUpsideDown UIInterfaceOrientationLandscapeLeft UIInterfaceOrientationLandscapeRight";
				INFOPLIST_KEY_UISupportedInterfaceOrientations_iPhone = "UIInterfaceOrientationPortrait UIInterfaceOrientationLandscapeLeft UIInterfaceOrientationLandscapeRight";
				LD_RUNPATH_SEARCH_PATHS = (
					"$(inherited)",
					"@executable_path/Frameworks",
				);
				MARKETING_VERSION = 1.0;
				PRODUCT_BUNDLE_IDENTIFIER = "utcs.Eternal-CS329E-Group-Project";
				PRODUCT_NAME = "$(TARGET_NAME)";
				SWIFT_EMIT_LOC_STRINGS = YES;
				SWIFT_VERSION = 5.0;
				TARGETED_DEVICE_FAMILY = "1,2";
			};
			name = Release;
		};
		72AB32CA2EA6A62900E84ED4 /* Debug */ = {
			isa = XCBuildConfiguration;
			buildSettings = {
				ALWAYS_SEARCH_USER_PATHS = NO;
				ASSETCATALOG_COMPILER_GENERATE_SWIFT_ASSET_SYMBOL_EXTENSIONS = YES;
				CLANG_ANALYZER_NONNULL = YES;
				CLANG_ANALYZER_NUMBER_OBJECT_CONVERSION = YES_AGGRESSIVE;
				CLANG_CXX_LANGUAGE_STANDARD = "gnu++20";
				CLANG_ENABLE_MODULES = YES;
				CLANG_ENABLE_OBJC_ARC = YES;
				CLANG_ENABLE_OBJC_WEAK = YES;
				CLANG_WARN_BLOCK_CAPTURE_AUTORELEASING = YES;
				CLANG_WARN_BOOL_CONVERSION = YES;
				CLANG_WARN_COMMA = YES;
				CLANG_WARN_CONSTANT_CONVERSION = YES;
				CLANG_WARN_DEPRECATED_OBJC_IMPLEMENTATIONS = YES;
				CLANG_WARN_DIRECT_OBJC_ISA_USAGE = YES_ERROR;
				CLANG_WARN_DOCUMENTATION_COMMENTS = YES;
				CLANG_WARN_EMPTY_BODY = YES;
				CLANG_WARN_ENUM_CONVERSION = YES;
				CLANG_WARN_INFINITE_RECURSION = YES;
				CLANG_WARN_INT_CONVERSION = YES;
				CLANG_WARN_NON_LITERAL_NULL_CONVERSION = YES;
				CLANG_WARN_OBJC_IMPLICIT_RETAIN_SELF = YES;
				CLANG_WARN_OBJC_LITERAL_CONVERSION = YES;
				CLANG_WARN_OBJC_ROOT_CLASS = YES_ERROR;
				CLANG_WARN_QUOTED_INCLUDE_IN_FRAMEWORK_HEADER = YES;
				CLANG_WARN_RANGE_LOOP_ANALYSIS = YES;
				CLANG_WARN_STRICT_PROTOTYPES = YES;
				CLANG_WARN_SUSPICIOUS_MOVE = YES;
				CLANG_WARN_UNGUARDED_AVAILABILITY = YES_AGGRESSIVE;
				CLANG_WARN_UNREACHABLE_CODE = YES;
				CLANG_WARN__DUPLICATE_METHOD_MATCH = YES;
				COPY_PHASE_STRIP = NO;
				DEBUG_INFORMATION_FORMAT = dwarf;
				DEVELOPMENT_TEAM = 758MS3RTPS;
				ENABLE_STRICT_OBJC_MSGSEND = YES;
				ENABLE_TESTABILITY = YES;
				ENABLE_USER_SCRIPT_SANDBOXING = YES;
				GCC_C_LANGUAGE_STANDARD = gnu17;
				GCC_DYNAMIC_NO_PIC = NO;
				GCC_NO_COMMON_BLOCKS = YES;
				GCC_OPTIMIZATION_LEVEL = 0;
				GCC_PREPROCESSOR_DEFINITIONS = (
					"DEBUG=1",
					"$(inherited)",
				);
				GCC_WARN_64_TO_32_BIT_CONVERSION = YES;
				GCC_WARN_ABOUT_RETURN_TYPE = YES_ERROR;
				GCC_WARN_UNDECLARED_SELECTOR = YES;
				GCC_WARN_UNINITIALIZED_AUTOS = YES_AGGRESSIVE;
				GCC_WARN_UNUSED_FUNCTION = YES;
				GCC_WARN_UNUSED_VARIABLE = YES;
				IPHONEOS_DEPLOYMENT_TARGET = 18.5;
				LOCALIZATION_PREFERS_STRING_CATALOGS = YES;
				MTL_ENABLE_DEBUG_INFO = INCLUDE_SOURCE;
				MTL_FAST_MATH = YES;
				ONLY_ACTIVE_ARCH = YES;
				SDKROOT = iphoneos;
				SWIFT_ACTIVE_COMPILATION_CONDITIONS = "DEBUG $(inherited)";
				SWIFT_OPTIMIZATION_LEVEL = "-Onone";
			};
			name = Debug;
		};
		72AB32CB2EA6A62900E84ED4 /* Release */ = {
			isa = XCBuildConfiguration;
			buildSettings = {
				ALWAYS_SEARCH_USER_PATHS = NO;
				ASSETCATALOG_COMPILER_GENERATE_SWIFT_ASSET_SYMBOL_EXTENSIONS = YES;
				CLANG_ANALYZER_NONNULL = YES;
				CLANG_ANALYZER_NUMBER_OBJECT_CONVERSION = YES_AGGRESSIVE;
				CLANG_CXX_LANGUAGE_STANDARD = "gnu++20";
				CLANG_ENABLE_MODULES = YES;
				CLANG_ENABLE_OBJC_ARC = YES;
				CLANG_ENABLE_OBJC_WEAK = YES;
				CLANG_WARN_BLOCK_CAPTURE_AUTORELEASING = YES;
				CLANG_WARN_BOOL_CONVERSION = YES;
				CLANG_WARN_COMMA = YES;
				CLANG_WARN_CONSTANT_CONVERSION = YES;
				CLANG_WARN_DEPRECATED_OBJC_IMPLEMENTATIONS = YES;
				CLANG_WARN_DIRECT_OBJC_ISA_USAGE = YES_ERROR;
				CLANG_WARN_DOCUMENTATION_COMMENTS = YES;
				CLANG_WARN_EMPTY_BODY = YES;
				CLANG_WARN_ENUM_CONVERSION = YES;
				CLANG_WARN_INFINITE_RECURSION = YES;
				CLANG_WARN_INT_CONVERSION = YES;
				CLANG_WARN_NON_LITERAL_NULL_CONVERSION = YES;
				CLANG_WARN_OBJC_IMPLICIT_RETAIN_SELF = YES;
				CLANG_WARN_OBJC_LITERAL_CONVERSION = YES;
				CLANG_WARN_OBJC_ROOT_CLASS = YES_ERROR;
				CLANG_WARN_QUOTED_INCLUDE_IN_FRAMEWORK_HEADER = YES;
				CLANG_WARN_RANGE_LOOP_ANALYSIS = YES;
				CLANG_WARN_STRICT_PROTOTYPES = YES;
				CLANG_WARN_SUSPICIOUS_MOVE = YES;
				CLANG_WARN_UNGUARDED_AVAILABILITY = YES_AGGRESSIVE;
				CLANG_WARN_UNREACHABLE_CODE = YES;
				CLANG_WARN__DUPLICATE_METHOD_MATCH = YES;
				COPY_PHASE_STRIP = NO;
				DEBUG_INFORMATION_FORMAT = "dwarf-with-dsym";
				DEVELOPMENT_TEAM = 758MS3RTPS;
				ENABLE_NS_ASSERTIONS = NO;
				ENABLE_STRICT_OBJC_MSGSEND = YES;
				ENABLE_USER_SCRIPT_SANDBOXING = YES;
				GCC_C_LANGUAGE_STANDARD = gnu17;
				GCC_NO_COMMON_BLOCKS = YES;
				GCC_WARN_64_TO_32_BIT_CONVERSION = YES;
				GCC_WARN_ABOUT_RETURN_TYPE = YES_ERROR;
				GCC_WARN_UNDECLARED_SELECTOR = YES;
				GCC_WARN_UNINITIALIZED_AUTOS = YES_AGGRESSIVE;
				GCC_WARN_UNUSED_FUNCTION = YES;
				GCC_WARN_UNUSED_VARIABLE = YES;
				IPHONEOS_DEPLOYMENT_TARGET = 18.5;
				LOCALIZATION_PREFERS_STRING_CATALOGS = YES;
				MTL_ENABLE_DEBUG_INFO = NO;
				MTL_FAST_MATH = YES;
				SDKROOT = iphoneos;
				SWIFT_COMPILATION_MODE = wholemodule;
				VALIDATE_PRODUCT = YES;
			};
			name = Release;
		};
/* End XCBuildConfiguration section */

/* Begin XCConfigurationList section */
		72AB32AF2EA6A62600E84ED4 /* Build configuration list for PBXProject "Eternal-CS329E-Group-Project" */ = {
			isa = XCConfigurationList;
			buildConfigurations = (
				72AB32CA2EA6A62900E84ED4 /* Debug */,
				72AB32CB2EA6A62900E84ED4 /* Release */,
			);
			defaultConfigurationIsVisible = 0;
			defaultConfigurationName = Release;
		};
		72AB32C72EA6A62900E84ED4 /* Build configuration list for PBXNativeTarget "Eternal-CS329E-Group-Project" */ = {
			isa = XCConfigurationList;
			buildConfigurations = (
				72AB32C82EA6A62900E84ED4 /* Debug */,
				72AB32C92EA6A62900E84ED4 /* Release */,
			);
			defaultConfigurationIsVisible = 0;
			defaultConfigurationName = Release;
		};
/* End XCConfigurationList section */

/* Begin XCRemoteSwiftPackageReference section */
		FDCC3C692EC2EC7400E9CEBB /* XCRemoteSwiftPackageReference "firebase-ios-sdk" */ = {
			isa = XCRemoteSwiftPackageReference;
			repositoryURL = "https://github.com/firebase/firebase-ios-sdk";
			requirement = {
				kind = upToNextMajorVersion;
				minimumVersion = 12.5.0;
			};
		};
/* End XCRemoteSwiftPackageReference section */

/* Begin XCSwiftPackageProductDependency section */
		FDCC3C6A2EC2EC7400E9CEBB /* FirebaseAuth */ = {
			isa = XCSwiftPackageProductDependency;
			package = FDCC3C692EC2EC7400E9CEBB /* XCRemoteSwiftPackageReference "firebase-ios-sdk" */;
			productName = FirebaseAuth;
		};
		FDCC3C6C2EC2EC7400E9CEBB /* FirebaseCore */ = {
			isa = XCSwiftPackageProductDependency;
			package = FDCC3C692EC2EC7400E9CEBB /* XCRemoteSwiftPackageReference "firebase-ios-sdk" */;
			productName = FirebaseCore;
		};
		FDCC3C6E2EC2EC7400E9CEBB /* FirebaseFirestore */ = {
			isa = XCSwiftPackageProductDependency;
			package = FDCC3C692EC2EC7400E9CEBB /* XCRemoteSwiftPackageReference "firebase-ios-sdk" */;
			productName = FirebaseFirestore;
		};
/* End XCSwiftPackageProductDependency section */
	};
	rootObject = 72AB32AC2EA6A62600E84ED4 /* Project object */;
}
